
Microsoft Visual Studio Solution File, Format Version 12.00
# Visual Studio Version 16
VisualStudioVersion = 16.0.30320.27
MinimumVisualStudioVersion = 10.0.40219.1
Project("{9A19103F-16F7-4668-BE54-9A1E7A4F7556}") = "UserOwnsData", "UserOwnsData.csproj", "{C7EB56B3-28B8-4829-80C6-E14787410019}"
EndProject
Global
	GlobalSection(SolutionConfigurationPlatforms) = preSolution
		Debug|Any CPU = Debug|Any CPU
		Release|Any CPU = Release|Any CPU
	EndGlobalSection
	GlobalSection(ProjectConfigurationPlatforms) = postSolution
		{C7EB56B3-28B8-4829-80C6-E14787410019}.Debug|Any CPU.ActiveCfg = Debug|Any CPU
		{C7EB56B3-28B8-4829-80C6-E14787410019}.Debug|Any CPU.Build.0 = Debug|Any CPU
		{C7EB56B3-28B8-4829-80C6-E14787410019}.Release|Any CPU.ActiveCfg = Release|Any CPU
		{C7EB56B3-28B8-4829-80C6-E14787410019}.Release|Any CPU.Build.0 = Release|Any CPU
	EndGlobalSection
	GlobalSection(SolutionProperties) = preSolution
		HideSolutionNode = FALSE
	EndGlobalSection
	GlobalSection(ExtensibilityGlobals) = postSolution
		SolutionGuid = {4BD1E7EA-A772-4A9F-B96A-0FC1BE5F5336}
	EndGlobalSection
EndGlobal
